
Microsoft Visual Studio Solution File, Format Version 12.00
# Visual Studio 15
VisualStudioVersion = 15.0.26730.3
MinimumVisualStudioVersion = 10.0.40219.1
Project("{FAE04EC0-301F-11D3-BF4B-00C04F79EFBC}") = "BFBBPatchTool", "BFBBPatchTool\BFBBPatchTool.csproj", "{D0918776-5EE8-40FA-84FC-BCC224692651}"
EndProject
Project("{FAE04EC0-301F-11D3-BF4B-00C04F79EFBC}") = "HipHopFile", "HipHopFile\HipHopFile.csproj", "{F68908E6-6947-477E-8A88-3130BE2FDB06}"
EndProject
Global
	GlobalSection(SolutionConfigurationPlatforms) = preSolution
		Debug|Any CPU = Debug|Any CPU
		Release|Any CPU = Release|Any CPU
	EndGlobalSection
	GlobalSection(ProjectConfigurationPlatforms) = postSolution
		{D0918776-5EE8-40FA-84FC-BCC224692651}.Debug|Any CPU.ActiveCfg = Debug|Any CPU
		{D0918776-5EE8-40FA-84FC-BCC224692651}.Debug|Any CPU.Build.0 = Debug|Any CPU
		{D0918776-5EE8-40FA-84FC-BCC224692651}.Release|Any CPU.ActiveCfg = Release|Any CPU
		{D0918776-5EE8-40FA-84FC-BCC224692651}.Release|Any CPU.Build.0 = Release|Any CPU
		{F68908E6-6947-477E-8A88-3130BE2FDB06}.Debug|Any CPU.ActiveCfg = Debug|Any CPU
		{F68908E6-6947-477E-8A88-3130BE2FDB06}.Debug|Any CPU.Build.0 = Debug|Any CPU
		{F68908E6-6947-477E-8A88-3130BE2FDB06}.Release|Any CPU.ActiveCfg = Release|Any CPU
		{F68908E6-6947-477E-8A88-3130BE2FDB06}.Release|Any CPU.Build.0 = Release|Any CPU
	EndGlobalSection
	GlobalSection(SolutionProperties) = preSolution
		HideSolutionNode = FALSE
	EndGlobalSection
	GlobalSection(ExtensibilityGlobals) = postSolution
		SolutionGuid = {CFCE2622-1E82-4A69-8844-A9196E52C508}
	EndGlobalSection
EndGlobal
